
Microsoft Visual Studio Solution File, Format Version 12.00
# Visual Studio 15
VisualStudioVersion = 15.0.27703.2000
MinimumVisualStudioVersion = 10.0.40219.1
Project("{FAE04EC0-301F-11D3-BF4B-00C04F79EFBC}") = "DIOControl", "DIOControl\DIOControl.csproj", "{21ADFCFC-11C7-4982-AF57-09002ED8E961}"
EndProject
Global
	GlobalSection(SolutionConfigurationPlatforms) = preSolution
		Debug|Any CPU = Debug|Any CPU
		Release|Any CPU = Release|Any CPU
	EndGlobalSection
	GlobalSection(ProjectConfigurationPlatforms) = postSolution
		{21ADFCFC-11C7-4982-AF57-09002ED8E961}.Debug|Any CPU.ActiveCfg = Debug|Any CPU
		{21ADFCFC-11C7-4982-AF57-09002ED8E961}.Debug|Any CPU.Build.0 = Debug|Any CPU
		{21ADFCFC-11C7-4982-AF57-09002ED8E961}.Release|Any CPU.ActiveCfg = Release|Any CPU
		{21ADFCFC-11C7-4982-AF57-09002ED8E961}.Release|Any CPU.Build.0 = Release|Any CPU
	EndGlobalSection
	GlobalSection(SolutionProperties) = preSolution
		HideSolutionNode = FALSE
	EndGlobalSection
	GlobalSection(ExtensibilityGlobals) = postSolution
		SolutionGuid = {E9637B14-D1BE-4298-8934-B3702658331F}
	EndGlobalSection
EndGlobal
